
Microsoft Visual Studio Solution File, Format Version 12.00
# Visual Studio Version 17
VisualStudioVersion = 17.5.33516.290
MinimumVisualStudioVersion = 10.0.40219.1
Project("{9A19103F-16F7-4668-BE54-9A1E7A4F7556}") = "Counseling.Entity", "Counseling.Entity\Counseling.Entity.csproj", "{E77BDF6C-C3D9-45EE-A29B-E402F7F6E773}"
EndProject
Project("{9A19103F-16F7-4668-BE54-9A1E7A4F7556}") = "Counseling.Data", "Counseling.Data\Counseling.Data.csproj", "{BF21636F-B4DB-41FF-9752-431E9CF6A4D8}"
EndProject
Project("{9A19103F-16F7-4668-BE54-9A1E7A4F7556}") = "Counseling.Business", "Counseling.Business\Counseling.Business.csproj", "{5FC776AF-62C3-4885-A42C-306627D9F823}"
EndProject
Project("{9A19103F-16F7-4668-BE54-9A1E7A4F7556}") = "Counseling.MVC", "Counseling.MVC\Counseling.MVC.csproj", "{1C36D8FC-5D18-4971-8A75-EE3617EE12C0}"
EndProject
Project("{FAE04EC0-301F-11D3-BF4B-00C04F79EFBC}") = "Counseling.Core", "Counseling.Core\Counseling.Core.csproj", "{4A9168F4-C233-4A09-9B6A-5033BDE3EDFE}"
EndProject
Global
	GlobalSection(SolutionConfigurationPlatforms) = preSolution
		Debug|Any CPU = Debug|Any CPU
		Release|Any CPU = Release|Any CPU
	EndGlobalSection
	GlobalSection(ProjectConfigurationPlatforms) = postSolution
		{E77BDF6C-C3D9-45EE-A29B-E402F7F6E773}.Debug|Any CPU.ActiveCfg = Debug|Any CPU
		{E77BDF6C-C3D9-45EE-A29B-E402F7F6E773}.Debug|Any CPU.Build.0 = Debug|Any CPU
		{E77BDF6C-C3D9-45EE-A29B-E402F7F6E773}.Release|Any CPU.ActiveCfg = Release|Any CPU
		{E77BDF6C-C3D9-45EE-A29B-E402F7F6E773}.Release|Any CPU.Build.0 = Release|Any CPU
		{BF21636F-B4DB-41FF-9752-431E9CF6A4D8}.Debug|Any CPU.ActiveCfg = Debug|Any CPU
		{BF21636F-B4DB-41FF-9752-431E9CF6A4D8}.Debug|Any CPU.Build.0 = Debug|Any CPU
		{BF21636F-B4DB-41FF-9752-431E9CF6A4D8}.Release|Any CPU.ActiveCfg = Release|Any CPU
		{BF21636F-B4DB-41FF-9752-431E9CF6A4D8}.Release|Any CPU.Build.0 = Release|Any CPU
		{5FC776AF-62C3-4885-A42C-306627D9F823}.Debug|Any CPU.ActiveCfg = Debug|Any CPU
		{5FC776AF-62C3-4885-A42C-306627D9F823}.Debug|Any CPU.Build.0 = Debug|Any CPU
		{5FC776AF-62C3-4885-A42C-306627D9F823}.Release|Any CPU.ActiveCfg = Release|Any CPU
		{5FC776AF-62C3-4885-A42C-306627D9F823}.Release|Any CPU.Build.0 = Release|Any CPU
		{1C36D8FC-5D18-4971-8A75-EE3617EE12C0}.Debug|Any CPU.ActiveCfg = Debug|Any CPU
		{1C36D8FC-5D18-4971-8A75-EE3617EE12C0}.Debug|Any CPU.Build.0 = Debug|Any CPU
		{1C36D8FC-5D18-4971-8A75-EE3617EE12C0}.Release|Any CPU.ActiveCfg = Release|Any CPU
		{1C36D8FC-5D18-4971-8A75-EE3617EE12C0}.Release|Any CPU.Build.0 = Release|Any CPU
		{4A9168F4-C233-4A09-9B6A-5033BDE3EDFE}.Debug|Any CPU.ActiveCfg = Debug|Any CPU
		{4A9168F4-C233-4A09-9B6A-5033BDE3EDFE}.Debug|Any CPU.Build.0 = Debug|Any CPU
		{4A9168F4-C233-4A09-9B6A-5033BDE3EDFE}.Release|Any CPU.ActiveCfg = Release|Any CPU
		{4A9168F4-C233-4A09-9B6A-5033BDE3EDFE}.Release|Any CPU.Build.0 = Release|Any CPU
	EndGlobalSection
	GlobalSection(SolutionProperties) = preSolution
		HideSolutionNode = FALSE
	EndGlobalSection
	GlobalSection(ExtensibilityGlobals) = postSolution
		SolutionGuid = {8F5125B3-EBFD-47FA-B273-91B8B536919E}
	EndGlobalSection
EndGlobal
